
Microsoft Visual Studio Solution File, Format Version 12.00
# Visual Studio Version 17
VisualStudioVersion = 17.11.35219.272
MinimumVisualStudioVersion = 10.0.40219.1
Project("{9A19103F-16F7-4668-BE54-9A1E7A4F7556}") = "MailClient.API", "MailClient.API\MailClient.API.csproj", "{EC57F66A-8F25-41BD-9B5D-D1F7971476C8}"
EndProject
Project("{9A19103F-16F7-4668-BE54-9A1E7A4F7556}") = "MailClient.Consumer", "MailClient.Consumer\MailClient.Consumer.csproj", "{17E26A1F-C1AD-4D0F-B497-D16ECA236468}"
EndProject
Project("{9A19103F-16F7-4668-BE54-9A1E7A4F7556}") = "MailClient.Infrastructure", "MailClient.Infrastructure\MailClient.Infrastructure.csproj", "{D395D808-43F9-4AC2-B1D1-E183DA69981F}"
EndProject
Project("{9A19103F-16F7-4668-BE54-9A1E7A4F7556}") = "MailClient.Domain", "MailClient.Domain\MailClient.Domain.csproj", "{1808FA87-B1EF-4164-A9D9-8A9CAF8D86C7}"
EndProject
Project("{9A19103F-16F7-4668-BE54-9A1E7A4F7556}") = "MailClient.Application", "MailClient.Application\MailClient.Application.csproj", "{DE6C0726-0BEA-4114-83D3-DD59CCB96B34}"
EndProject
Project("{9A19103F-16F7-4668-BE54-9A1E7A4F7556}") = "MailClient.API.Test", "MailClient.API.Test\MailClient.API.Test.csproj", "{D7B2BE2C-445A-4ED8-B400-981A60428217}"
EndProject
Project("{FAE04EC0-301F-11D3-BF4B-00C04F79EFBC}") = "MailClient.Application.Test", "MailClient.Application.Test\MailClient.Application.Test.csproj", "{1AFBA641-7B50-4CF0-8B2B-ABCB72704E65}"
EndProject
Global
	GlobalSection(SolutionConfigurationPlatforms) = preSolution
		Debug|Any CPU = Debug|Any CPU
		Release|Any CPU = Release|Any CPU
	EndGlobalSection
	GlobalSection(ProjectConfigurationPlatforms) = postSolution
		{EC57F66A-8F25-41BD-9B5D-D1F7971476C8}.Debug|Any CPU.ActiveCfg = Debug|Any CPU
		{EC57F66A-8F25-41BD-9B5D-D1F7971476C8}.Debug|Any CPU.Build.0 = Debug|Any CPU
		{EC57F66A-8F25-41BD-9B5D-D1F7971476C8}.Release|Any CPU.ActiveCfg = Release|Any CPU
		{EC57F66A-8F25-41BD-9B5D-D1F7971476C8}.Release|Any CPU.Build.0 = Release|Any CPU
		{17E26A1F-C1AD-4D0F-B497-D16ECA236468}.Debug|Any CPU.ActiveCfg = Debug|Any CPU
		{17E26A1F-C1AD-4D0F-B497-D16ECA236468}.Debug|Any CPU.Build.0 = Debug|Any CPU
		{17E26A1F-C1AD-4D0F-B497-D16ECA236468}.Release|Any CPU.ActiveCfg = Release|Any CPU
		{17E26A1F-C1AD-4D0F-B497-D16ECA236468}.Release|Any CPU.Build.0 = Release|Any CPU
		{D395D808-43F9-4AC2-B1D1-E183DA69981F}.Debug|Any CPU.ActiveCfg = Debug|Any CPU
		{D395D808-43F9-4AC2-B1D1-E183DA69981F}.Debug|Any CPU.Build.0 = Debug|Any CPU
		{D395D808-43F9-4AC2-B1D1-E183DA69981F}.Release|Any CPU.ActiveCfg = Release|Any CPU
		{D395D808-43F9-4AC2-B1D1-E183DA69981F}.Release|Any CPU.Build.0 = Release|Any CPU
		{1808FA87-B1EF-4164-A9D9-8A9CAF8D86C7}.Debug|Any CPU.ActiveCfg = Debug|Any CPU
		{1808FA87-B1EF-4164-A9D9-8A9CAF8D86C7}.Debug|Any CPU.Build.0 = Debug|Any CPU
		{1808FA87-B1EF-4164-A9D9-8A9CAF8D86C7}.Release|Any CPU.ActiveCfg = Release|Any CPU
		{1808FA87-B1EF-4164-A9D9-8A9CAF8D86C7}.Release|Any CPU.Build.0 = Release|Any CPU
		{DE6C0726-0BEA-4114-83D3-DD59CCB96B34}.Debug|Any CPU.ActiveCfg = Debug|Any CPU
		{DE6C0726-0BEA-4114-83D3-DD59CCB96B34}.Debug|Any CPU.Build.0 = Debug|Any CPU
		{DE6C0726-0BEA-4114-83D3-DD59CCB96B34}.Release|Any CPU.ActiveCfg = Release|Any CPU
		{DE6C0726-0BEA-4114-83D3-DD59CCB96B34}.Release|Any CPU.Build.0 = Release|Any CPU
		{D7B2BE2C-445A-4ED8-B400-981A60428217}.Debug|Any CPU.ActiveCfg = Debug|Any CPU
		{D7B2BE2C-445A-4ED8-B400-981A60428217}.Debug|Any CPU.Build.0 = Debug|Any CPU
		{D7B2BE2C-445A-4ED8-B400-981A60428217}.Release|Any CPU.ActiveCfg = Release|Any CPU
		{D7B2BE2C-445A-4ED8-B400-981A60428217}.Release|Any CPU.Build.0 = Release|Any CPU
		{1AFBA641-7B50-4CF0-8B2B-ABCB72704E65}.Debug|Any CPU.ActiveCfg = Debug|Any CPU
		{1AFBA641-7B50-4CF0-8B2B-ABCB72704E65}.Debug|Any CPU.Build.0 = Debug|Any CPU
		{1AFBA641-7B50-4CF0-8B2B-ABCB72704E65}.Release|Any CPU.ActiveCfg = Release|Any CPU
		{1AFBA641-7B50-4CF0-8B2B-ABCB72704E65}.Release|Any CPU.Build.0 = Release|Any CPU
	EndGlobalSection
	GlobalSection(SolutionProperties) = preSolution
		HideSolutionNode = FALSE
	EndGlobalSection
	GlobalSection(ExtensibilityGlobals) = postSolution
		SolutionGuid = {DE1FBA4B-7E22-4F7D-BB49-BC1792CD9EA3}
	EndGlobalSection
EndGlobal
